
Microsoft Visual Studio Solution File, Format Version 12.00
# Visual Studio 14
VisualStudioVersion = 14.0.25420.1
MinimumVisualStudioVersion = 10.0.40219.1
Project("{DA7A21FA-8162-4350-AD77-A8D1B671F3ED}") = "Chapter 3", "Chapter 3\Chapter 3.rxproj", "{73439DEF-2986-4DB2-9BB2-832D1A4EF4A4}"
EndProject
Global
	GlobalSection(SolutionConfigurationPlatforms) = preSolution
		Debug|Any CPU = Debug|Any CPU
		Release|Any CPU = Release|Any CPU
	EndGlobalSection
	GlobalSection(ProjectConfigurationPlatforms) = postSolution
		{73439DEF-2986-4DB2-9BB2-832D1A4EF4A4}.Debug|Any CPU.ActiveCfg = Debug|Any CPU
		{73439DEF-2986-4DB2-9BB2-832D1A4EF4A4}.Debug|Any CPU.Build.0 = Debug|Any CPU
		{73439DEF-2986-4DB2-9BB2-832D1A4EF4A4}.Release|Any CPU.ActiveCfg = Release|Any CPU
		{73439DEF-2986-4DB2-9BB2-832D1A4EF4A4}.Release|Any CPU.Build.0 = Release|Any CPU
	EndGlobalSection
	GlobalSection(SolutionProperties) = preSolution
		HideSolutionNode = FALSE
	EndGlobalSection
EndGlobal
